// !$*UTF8*$!
{
	archiveVersion = 1;
	classes = {
	};
	objectVersion = 46;
	objects = {

/* Begin PBXBuildFile section */
		DE37D8C919F6015300BAD315 /* main.m in Sources */ = {isa = PBXBuildFile; fileRef = DE37D8C819F6015300BAD315 /* main.m */; };
		DE37D8CC19F6015300BAD315 /* AppDelegate.m in Sources */ = {isa = PBXBuildFile; fileRef = DE37D8CB19F6015300BAD315 /* AppDelegate.m */; };
		DE37D8D219F6015300BAD315 /* Main.storyboard in Resources */ = {isa = PBXBuildFile; fileRef = DE37D8D019F6015300BAD315 /* Main.storyboard */; };
		DE37D8D419F6015300BAD315 /* Images.xcassets in Resources */ = {isa = PBXBuildFile; fileRef = DE37D8D319F6015300BAD315 /* Images.xcassets */; };
		DE37D8D719F6015300BAD315 /* LaunchScreen.xib in Resources */ = {isa = PBXBuildFile; fileRef = DE37D8D519F6015300BAD315 /* LaunchScreen.xib */; };
		DE37D8E319F6015300BAD315 /* MyWorkCalculatorTests.m in Sources */ = {isa = PBXBuildFile; fileRef = DE37D8E219F6015300BAD315 /* MyWorkCalculatorTests.m */; };
		DE4C07B319FA001800AECC1D /* CodeData.m in Sources */ = {isa = PBXBuildFile; fileRef = DE4C07B219FA001800AECC1D /* CodeData.m */; };
		DE4C07B619FA115400AECC1D /* NewEntryViewController.m in Sources */ = {isa = PBXBuildFile; fileRef = DE4C07B519FA115400AECC1D /* NewEntryViewController.m */; };
		DEEE175819FD854C008F8F1F /* CodeCollectionViewController.m in Sources */ = {isa = PBXBuildFile; fileRef = DEEE175719FD854C008F8F1F /* CodeCollectionViewController.m */; };
		DEEE175B19FDA003008F8F1F /* ViewController.m in Sources */ = {isa = PBXBuildFile; fileRef = DEEE175A19FDA003008F8F1F /* ViewController.m */; };
		DEEE175E19FDE962008F8F1F /* CodeCollectionViewCell.m in Sources */ = {isa = PBXBuildFile; fileRef = DEEE175D19FDE962008F8F1F /* CodeCollectionViewCell.m */; };
/* End PBXBuildFile section */

/* Begin PBXContainerItemProxy section */
		DE37D8DD19F6015300BAD315 /* PBXContainerItemProxy */ = {
			isa = PBXContainerItemProxy;
			containerPortal = DE37D8BB19F6015300BAD315 /* Project object */;
			proxyType = 1;
			remoteGlobalIDString = DE37D8C219F6015300BAD315;
			remoteInfo = MyWorkCalculator;
		};
/* End PBXContainerItemProxy section */

/* Begin PBXFileReference section */
		DE37D8C319F6015300BAD315 /* MyWorkCalculator.app */ = {isa = PBXFileReference; explicitFileType = wrapper.application; includeInIndex = 0; path = MyWorkCalculator.app; sourceTree = BUILT_PRODUCTS_DIR; };
		DE37D8C719F6015300BAD315 /* Info.plist */ = {isa = PBXFileReference; lastKnownFileType = text.plist.xml; path = Info.plist; sourceTree = "<group>"; };
		DE37D8C819F6015300BAD315 /* main.m */ = {isa = PBXFileReference; lastKnownFileType = sourcecode.c.objc; path = main.m; sourceTree = "<group>"; };
		DE37D8CA19F6015300BAD315 /* AppDelegate.h */ = {isa = PBXFileReference; lastKnownFileType = sourcecode.c.h; path = AppDelegate.h; sourceTree = "<group>"; };
		DE37D8CB19F6015300BAD315 /* AppDelegate.m */ = {isa = PBXFileReference; lastKnownFileType = sourcecode.c.objc; path = AppDelegate.m; sourceTree = "<group>"; };
		DE37D8D119F6015300BAD315 /* Base */ = {isa = PBXFileReference; lastKnownFileType = file.storyboard; name = Base; path = Base.lproj/Main.storyboard; sourceTree = "<group>"; };
		DE37D8D319F6015300BAD315 /* Images.xcassets */ = {isa = PBXFileReference; lastKnownFileType = folder.assetcatalog; path = Images.xcassets; sourceTree = "<group>"; };
		DE37D8D619F6015300BAD315 /* Base */ = {isa = PBXFileReference; lastKnownFileType = file.xib; name = Base; path = Base.lproj/LaunchScreen.xib; sourceTree = "<group>"; };
		DE37D8DC19F6015300BAD315 /* MyWorkCalculatorTests.xctest */ = {isa = PBXFileReference; explicitFileType = wrapper.cfbundle; includeInIndex = 0; path = MyWorkCalculatorTests.xctest; sourceTree = BUILT_PRODUCTS_DIR; };
		DE37D8E119F6015300BAD315 /* Info.plist */ = {isa = PBXFileReference; lastKnownFileType = text.plist.xml; path = Info.plist; sourceTree = "<group>"; };
		DE37D8E219F6015300BAD315 /* MyWorkCalculatorTests.m */ = {isa = PBXFileReference; lastKnownFileType = sourcecode.c.objc; path = MyWorkCalculatorTests.m; sourceTree = "<group>"; };
		DE4C07B119FA001800AECC1D /* CodeData.h */ = {isa = PBXFileReference; fileEncoding = 4; lastKnownFileType = sourcecode.c.h; path = CodeData.h; sourceTree = "<group>"; };
		DE4C07B219FA001800AECC1D /* CodeData.m */ = {isa = PBXFileReference; fileEncoding = 4; lastKnownFileType = sourcecode.c.objc; path = CodeData.m; sourceTree = "<group>"; };
		DE4C07B419FA115400AECC1D /* NewEntryViewController.h */ = {isa = PBXFileReference; fileEncoding = 4; lastKnownFileType = sourcecode.c.h; path = NewEntryViewController.h; sourceTree = "<group>"; };
		DE4C07B519FA115400AECC1D /* NewEntryViewController.m */ = {isa = PBXFileReference; fileEncoding = 4; lastKnownFileType = sourcecode.c.objc; path = NewEntryViewController.m; sourceTree = "<group>"; };
		DEEE175619FD854C008F8F1F /* CodeCollectionViewController.h */ = {isa = PBXFileReference; fileEncoding = 4; lastKnownFileType = sourcecode.c.h; path = CodeCollectionViewController.h; sourceTree = "<group>"; };
		DEEE175719FD854C008F8F1F /* CodeCollectionViewController.m */ = {isa = PBXFileReference; fileEncoding = 4; lastKnownFileType = sourcecode.c.objc; path = CodeCollectionViewController.m; sourceTree = "<group>"; };
		DEEE175919FDA003008F8F1F /* ViewController.h */ = {isa = PBXFileReference; fileEncoding = 4; lastKnownFileType = sourcecode.c.h; path = ViewController.h; sourceTree = "<group>"; };
		DEEE175A19FDA003008F8F1F /* ViewController.m */ = {isa = PBXFileReference; fileEncoding = 4; lastKnownFileType = sourcecode.c.objc; path = ViewController.m; sourceTree = "<group>"; };
		DEEE175C19FDE962008F8F1F /* CodeCollectionViewCell.h */ = {isa = PBXFileReference; fileEncoding = 4; lastKnownFileType = sourcecode.c.h; path = CodeCollectionViewCell.h; sourceTree = "<group>"; };
		DEEE175D19FDE962008F8F1F /* CodeCollectionViewCell.m */ = {isa = PBXFileReference; fileEncoding = 4; lastKnownFileType = sourcecode.c.objc; path = CodeCollectionViewCell.m; sourceTree = "<group>"; };
/* End PBXFileReference section */

/* Begin PBXFrameworksBuildPhase section */
		DE37D8C019F6015300BAD315 /* Frameworks */ = {
			isa = PBXFrameworksBuildPhase;
			buildActionMask = 2147483647;
			files = (
			);
			runOnlyForDeploymentPostprocessing = 0;
		};
		DE37D8D919F6015300BAD315 /* Frameworks */ = {
			isa = PBXFrameworksBuildPhase;
			buildActionMask = 2147483647;
			files = (
			);
			runOnlyForDeploymentPostprocessing = 0;
		};
/* End PBXFrameworksBuildPhase section */

/* Begin PBXGroup section */
		DE37D8BA19F6015300BAD315 = {
			isa = PBXGroup;
			children = (
				DE37D8C519F6015300BAD315 /* MyWorkCalculator */,
				DE37D8DF19F6015300BAD315 /* MyWorkCalculatorTests */,
				DE37D8C419F6015300BAD315 /* Products */,
			);
			sourceTree = "<group>";
		};
		DE37D8C419F6015300BAD315 /* Products */ = {
			isa = PBXGroup;
			children = (
				DE37D8C319F6015300BAD315 /* MyWorkCalculator.app */,
				DE37D8DC19F6015300BAD315 /* MyWorkCalculatorTests.xctest */,
			);
			name = Products;
			sourceTree = "<group>";
		};
		DE37D8C519F6015300BAD315 /* MyWorkCalculator */ = {
			isa = PBXGroup;
			children = (
				DEEE175C19FDE962008F8F1F /* CodeCollectionViewCell.h */,
				DEEE175D19FDE962008F8F1F /* CodeCollectionViewCell.m */,
				DEEE175919FDA003008F8F1F /* ViewController.h */,
				DEEE175A19FDA003008F8F1F /* ViewController.m */,
				DEEE175619FD854C008F8F1F /* CodeCollectionViewController.h */,
				DEEE175719FD854C008F8F1F /* CodeCollectionViewController.m */,
				DE4C07B419FA115400AECC1D /* NewEntryViewController.h */,
				DE4C07B519FA115400AECC1D /* NewEntryViewController.m */,
				DE4C07B119FA001800AECC1D /* CodeData.h */,
				DE4C07B219FA001800AECC1D /* CodeData.m */,
				DE37D8CA19F6015300BAD315 /* AppDelegate.h */,
				DE37D8CB19F6015300BAD315 /* AppDelegate.m */,
				DE37D8D019F6015300BAD315 /* Main.storyboard */,
				DE37D8D319F6015300BAD315 /* Images.xcassets */,
				DE37D8D519F6015300BAD315 /* LaunchScreen.xib */,
				DE37D8C619F6015300BAD315 /* Supporting Files */,
			);
			path = MyWorkCalculator;
			sourceTree = "<group>";
		};
		DE37D8C619F6015300BAD315 /* Supporting Files */ = {
			isa = PBXGroup;
			children = (
				DE37D8C719F6015300BAD315 /* Info.plist */,
				DE37D8C819F6015300BAD315 /* main.m */,
			);
			name = "Supporting Files";
			sourceTree = "<group>";
		};
		DE37D8DF19F6015300BAD315 /* MyWorkCalculatorTests */ = {
			isa = PBXGroup;
			children = (
				DE37D8E219F6015300BAD315 /* MyWorkCalculatorTests.m */,
				DE37D8E019F6015300BAD315 /* Supporting Files */,
			);
			path = MyWorkCalculatorTests;
			sourceTree = "<group>";
		};
		DE37D8E019F6015300BAD315 /* Supporting Files */ = {
			isa = PBXGroup;
			children = (
				DE37D8E119F6015300BAD315 /* Info.plist */,
			);
			name = "Supporting Files";
			sourceTree = "<group>";
		};
/* End PBXGroup section */

/* Begin PBXNativeTarget section */
		DE37D8C219F6015300BAD315 /* MyWorkCalculator */ = {
			isa = PBXNativeTarget;
			buildConfigurationList = DE37D8E619F6015300BAD315 /* Build configuration list for PBXNativeTarget "MyWorkCalculator" */;
			buildPhases = (
				DE37D8BF19F6015300BAD315 /* Sources */,
				DE37D8C019F6015300BAD315 /* Frameworks */,
				DE37D8C119F6015300BAD315 /* Resources */,
			);
			buildRules = (
			);
			dependencies = (
			);
			name = MyWorkCalculator;
			productName = MyWorkCalculator;
			productReference = DE37D8C319F6015300BAD315 /* MyWorkCalculator.app */;
			productType = "com.apple.product-type.application";
		};
		DE37D8DB19F6015300BAD315 /* MyWorkCalculatorTests */ = {
			isa = PBXNativeTarget;
			buildConfigurationList = DE37D8E919F6015300BAD315 /* Build configuration list for PBXNativeTarget "MyWorkCalculatorTests" */;
			buildPhases = (
				DE37D8D819F6015300BAD315 /* Sources */,
				DE37D8D919F6015300BAD315 /* Frameworks */,
				DE37D8DA19F6015300BAD315 /* Resources */,
			);
			buildRules = (
			);
			dependencies = (
				DE37D8DE19F6015300BAD315 /* PBXTargetDependency */,
			);
			name = MyWorkCalculatorTests;
			productName = MyWorkCalculatorTests;
			productReference = DE37D8DC19F6015300BAD315 /* MyWorkCalculatorTests.xctest */;
			productType = "com.apple.product-type.bundle.unit-test";
		};
/* End PBXNativeTarget section */

/* Begin PBXProject section */
		DE37D8BB19F6015300BAD315 /* Project object */ = {
			isa = PBXProject;
			attributes = {
				LastUpgradeCheck = 0610;
				ORGANIZATIONNAME = JimmyFlores;
				TargetAttributes = {
					DE37D8C219F6015300BAD315 = {
						CreatedOnToolsVersion = 6.1;
						DevelopmentTeam = CY4497NM3V;
					};
					DE37D8DB19F6015300BAD315 = {
						CreatedOnToolsVersion = 6.1;
						TestTargetID = DE37D8C219F6015300BAD315;
					};
				};
			};
			buildConfigurationList = DE37D8BE19F6015300BAD315 /* Build configuration list for PBXProject "MyWorkCalculator" */;
			compatibilityVersion = "Xcode 3.2";
			developmentRegion = English;
			hasScannedForEncodings = 0;
			knownRegions = (
				en,
				Base,
			);
			mainGroup = DE37D8BA19F6015300BAD315;
			productRefGroup = DE37D8C419F6015300BAD315 /* Products */;
			projectDirPath = "";
			projectRoot = "";
			targets = (
				DE37D8C219F6015300BAD315 /* MyWorkCalculator */,
				DE37D8DB19F6015300BAD315 /* MyWorkCalculatorTests */,
			);
		};
/* End PBXProject section */

/* Begin PBXResourcesBuildPhase section */
		DE37D8C119F6015300BAD315 /* Resources */ = {
			isa = PBXResourcesBuildPhase;
			buildActionMask = 2147483647;
			files = (
				DE37D8D219F6015300BAD315 /* Main.storyboard in Resources */,
				DE37D8D719F6015300BAD315 /* LaunchScreen.xib in Resources */,
				DE37D8D419F6015300BAD315 /* Images.xcassets in Resources */,
			);
			runOnlyForDeploymentPostprocessing = 0;
		};
		DE37D8DA19F6015300BAD315 /* Resources */ = {
			isa = PBXResourcesBuildPhase;
			buildActionMask = 2147483647;
			files = (
			);
			runOnlyForDeploymentPostprocessing = 0;
		};
/* End PBXResourcesBuildPhase section */

/* Begin PBXSourcesBuildPhase section */
		DE37D8BF19F6015300BAD315 /* Sources */ = {
			isa = PBXSourcesBuildPhase;
			buildActionMask = 2147483647;
			files = (
				DEEE175B19FDA003008F8F1F /* ViewController.m in Sources */,
				DE37D8CC19F6015300BAD315 /* AppDelegate.m in Sources */,
				DE4C07B319FA001800AECC1D /* CodeData.m in Sources */,
				DEEE175819FD854C008F8F1F /* CodeCollectionViewController.m in Sources */,
				DE37D8C919F6015300BAD315 /* main.m in Sources */,
				DEEE175E19FDE962008F8F1F /* CodeCollectionViewCell.m in Sources */,
				DE4C07B619FA115400AECC1D /* NewEntryViewController.m in Sources */,
			);
			runOnlyForDeploymentPostprocessing = 0;
		};
		DE37D8D819F6015300BAD315 /* Sources */ = {
			isa = PBXSourcesBuildPhase;
			buildActionMask = 2147483647;
			files = (
				DE37D8E319F6015300BAD315 /* MyWorkCalculatorTests.m in Sources */,
			);
			runOnlyForDeploymentPostprocessing = 0;
		};
/* End PBXSourcesBuildPhase section */

/* Begin PBXTargetDependency section */
		DE37D8DE19F6015300BAD315 /* PBXTargetDependency */ = {
			isa = PBXTargetDependency;
			target = DE37D8C219F6015300BAD315 /* MyWorkCalculator */;
			targetProxy = DE37D8DD19F6015300BAD315 /* PBXContainerItemProxy */;
		};
/* End PBXTargetDependency section */

/* Begin PBXVariantGroup section */
		DE37D8D019F6015300BAD315 /* Main.storyboard */ = {
			isa = PBXVariantGroup;
			children = (
				DE37D8D119F6015300BAD315 /* Base */,
			);
			name = Main.storyboard;
			sourceTree = "<group>";
		};
		DE37D8D519F6015300BAD315 /* LaunchScreen.xib */ = {
			isa = PBXVariantGroup;
			children = (
				DE37D8D619F6015300BAD315 /* Base */,
			);
			name = LaunchScreen.xib;
			sourceTree = "<group>";
		};
/* End PBXVariantGroup section */

/* Begin XCBuildConfiguration section */
		DE37D8E419F6015300BAD315 /* Debug */ = {
			isa = XCBuildConfiguration;
			buildSettings = {
				ALWAYS_SEARCH_USER_PATHS = NO;
				CLANG_CXX_LANGUAGE_STANDARD = "gnu++0x";
				CLANG_CXX_LIBRARY = "libc++";
				CLANG_ENABLE_MODULES = YES;
				CLANG_ENABLE_OBJC_ARC = YES;
				CLANG_WARN_BOOL_CONVERSION = YES;
				CLANG_WARN_CONSTANT_CONVERSION = YES;
				CLANG_WARN_DIRECT_OBJC_ISA_USAGE = YES_ERROR;
				CLANG_WARN_EMPTY_BODY = YES;
				CLANG_WARN_ENUM_CONVERSION = YES;
				CLANG_WARN_INT_CONVERSION = YES;
				CLANG_WARN_OBJC_ROOT_CLASS = YES_ERROR;
				CLANG_WARN_UNREACHABLE_CODE = YES;
				CLANG_WARN__DUPLICATE_METHOD_MATCH = YES;
				"CODE_SIGN_IDENTITY[sdk=iphoneos*]" = "iPhone Developer";
				COPY_PHASE_STRIP = NO;
				ENABLE_STRICT_OBJC_MSGSEND = YES;
				GCC_C_LANGUAGE_STANDARD = gnu99;
				GCC_DYNAMIC_NO_PIC = NO;
				GCC_OPTIMIZATION_LEVEL = 0;
				GCC_PREPROCESSOR_DEFINITIONS = (
					"DEBUG=1",
					"$(inherited)",
				);
				GCC_SYMBOLS_PRIVATE_EXTERN = NO;
				GCC_WARN_64_TO_32_BIT_CONVERSION = YES;
				GCC_WARN_ABOUT_RETURN_TYPE = YES_ERROR;
				GCC_WARN_UNDECLARED_SELECTOR = YES;
				GCC_WARN_UNINITIALIZED_AUTOS = YES_AGGRESSIVE;
				GCC_WARN_UNUSED_FUNCTION = YES;
				GCC_WARN_UNUSED_VARIABLE = YES;
				IPHONEOS_DEPLOYMENT_TARGET = 8.1;
				MTL_ENABLE_DEBUG_INFO = YES;
				ONLY_ACTIVE_ARCH = YES;
				SDKROOT = iphoneos;
			};
			name = Debug;
		};
		DE37D8E519F6015300BAD315 /* Release */ = {
			isa = XCBuildConfiguration;
			buildSettings = {
				ALWAYS_SEARCH_USER_PATHS = NO;
				CLANG_CXX_LANGUAGE_STANDARD = "gnu++0x";
				CLANG_CXX_LIBRARY = "libc++";
				CLANG_ENABLE_MODULES = YES;
				CLANG_ENABLE_OBJC_ARC = YES;
				CLANG_WARN_BOOL_CONVERSION = YES;
				CLANG_WARN_CONSTANT_CONVERSION = YES;
				CLANG_WARN_DIRECT_OBJC_ISA_USAGE = YES_ERROR;
				CLANG_WARN_EMPTY_BODY = YES;
				CLANG_WARN_ENUM_CONVERSION = YES;
				CLANG_WARN_INT_CONVERSION = YES;
				CLANG_WARN_OBJC_ROOT_CLASS = YES_ERROR;
				CLANG_WARN_UNREACHABLE_CODE = YES;
				CLANG_WARN__DUPLICATE_METHOD_MATCH = YES;
				"CODE_SIGN_IDENTITY[sdk=iphoneos*]" = "iPhone Developer";
				COPY_PHASE_STRIP = YES;
				ENABLE_NS_ASSERTIONS = NO;
				ENABLE_STRICT_OBJC_MSGSEND = YES;
				GCC_C_LANGUAGE_STANDARD = gnu99;
				GCC_WARN_64_TO_32_BIT_CONVERSION = YES;
				GCC_WARN_ABOUT_RETURN_TYPE = YES_ERROR;
				GCC_WARN_UNDECLARED_SELECTOR = YES;
				GCC_WARN_UNINITIALIZED_AUTOS = YES_AGGRESSIVE;
				GCC_WARN_UNUSED_FUNCTION = YES;
				GCC_WARN_UNUSED_VARIABLE = YES;
				IPHONEOS_DEPLOYMENT_TARGET = 8.1;
				MTL_ENABLE_DEBUG_INFO = NO;
				SDKROOT = iphoneos;
				VALIDATE_PRODUCT = YES;
			};
			name = Release;
		};
		DE37D8E719F6015300BAD315 /* Debug */ = {
			isa = XCBuildConfiguration;
			buildSettings = {
				ASSETCATALOG_COMPILER_APPICON_NAME = AppIcon;
				CODE_SIGN_IDENTITY = "iPhone Developer";
				INFOPLIST_FILE = MyWorkCalculator/Info.plist;
				LD_RUNPATH_SEARCH_PATHS = "$(inherited) @executable_path/Frameworks";
				PRODUCT_NAME = "$(TARGET_NAME)";
				TARGETED_DEVICE_FAMILY = 1;
			};
			name = Debug;
		};
		DE37D8E819F6015300BAD315 /* Release */ = {
			isa = XCBuildConfiguration;
			buildSettings = {
				ASSETCATALOG_COMPILER_APPICON_NAME = AppIcon;
				CODE_SIGN_IDENTITY = "iPhone Developer";
				INFOPLIST_FILE = MyWorkCalculator/Info.plist;
				LD_RUNPATH_SEARCH_PATHS = "$(inherited) @executable_path/Frameworks";
				PRODUCT_NAME = "$(TARGET_NAME)";
				TARGETED_DEVICE_FAMILY = 1;
			};
			name = Release;
		};
		DE37D8EA19F6015300BAD315 /* Debug */ = {
			isa = XCBuildConfiguration;
			buildSettings = {
				BUNDLE_LOADER = "$(TEST_HOST)";
				FRAMEWORK_SEARCH_PATHS = (
					"$(SDKROOT)/Developer/Library/Frameworks",
					"$(inherited)",
				);
				GCC_PREPROCESSOR_DEFINITIONS = (
					"DEBUG=1",
					"$(inherited)",
				);
				INFOPLIST_FILE = MyWorkCalculatorTests/Info.plist;
				LD_RUNPATH_SEARCH_PATHS = "$(inherited) @executable_path/Frameworks @loader_path/Frameworks";
				PRODUCT_NAME = "$(TARGET_NAME)";
				TEST_HOST = "$(BUILT_PRODUCTS_DIR)/MyWorkCalculator.app/MyWorkCalculator";
			};
			name = Debug;
		};
		DE37D8EB19F6015300BAD315 /* Release */ = {
			isa = XCBuildConfiguration;
			buildSettings = {
				BUNDLE_LOADER = "$(TEST_HOST)";
				FRAMEWORK_SEARCH_PATHS = (
					"$(SDKROOT)/Developer/Library/Frameworks",
					"$(inherited)",
				);
				INFOPLIST_FILE = MyWorkCalculatorTests/Info.plist;
				LD_RUNPATH_SEARCH_PATHS = "$(inherited) @executable_path/Frameworks @loader_path/Frameworks";
				PRODUCT_NAME = "$(TARGET_NAME)";
				TEST_HOST = "$(BUILT_PRODUCTS_DIR)/MyWorkCalculator.app/MyWorkCalculator";
			};
			name = Release;
		};
/* End XCBuildConfiguration section */

/* Begin XCConfigurationList section */
		DE37D8BE19F6015300BAD315 /* Build configuration list for PBXProject "MyWorkCalculator" */ = {
			isa = XCConfigurationList;
			buildConfigurations = (
				DE37D8E419F6015300BAD315 /* Debug */,
				DE37D8E519F6015300BAD315 /* Release */,
			);
			defaultConfigurationIsVisible = 0;
			defaultConfigurationName = Release;
		};
		DE37D8E619F6015300BAD315 /* Build configuration list for PBXNativeTarget "MyWorkCalculator" */ = {
			isa = XCConfigurationList;
			buildConfigurations = (
				DE37D8E719F6015300BAD315 /* Debug */,
				DE37D8E819F6015300BAD315 /* Release */,
			);
			defaultConfigurationIsVisible = 0;
			defaultConfigurationName = Release;
		};
		DE37D8E919F6015300BAD315 /* Build configuration list for PBXNativeTarget "MyWorkCalculatorTests" */ = {
			isa = XCConfigurationList;
			buildConfigurations = (
				DE37D8EA19F6015300BAD315 /* Debug */,
				DE37D8EB19F6015300BAD315 /* Release */,
			);
			defaultConfigurationIsVisible = 0;
			defaultConfigurationName = Release;
		};
/* End XCConfigurationList section */
	};
	rootObject = DE37D8BB19F6015300BAD315 /* Project object */;
}
